
Microsoft Visual Studio Solution File, Format Version 12.00
# Visual Studio Version 16
VisualStudioVersion = 16.0.29409.12
MinimumVisualStudioVersion = 10.0.40219.1
Project("{FAE04EC0-301F-11D3-BF4B-00C04F79EFBC}") = "FakerApp", "FakerApp\FakerApp.csproj", "{A0DC7DF1-FF1E-4B02-85F1-271128C5CBA1}"
EndProject
Project("{FAE04EC0-301F-11D3-BF4B-00C04F79EFBC}") = "Generators", "Generators\Generators.csproj", "{0897BF81-9096-490F-B58D-61C9C65D896F}"
EndProject
Global
	GlobalSection(SolutionConfigurationPlatforms) = preSolution
		Debug|Any CPU = Debug|Any CPU
		Release|Any CPU = Release|Any CPU
	EndGlobalSection
	GlobalSection(ProjectConfigurationPlatforms) = postSolution
		{A0DC7DF1-FF1E-4B02-85F1-271128C5CBA1}.Debug|Any CPU.ActiveCfg = Debug|Any CPU
		{A0DC7DF1-FF1E-4B02-85F1-271128C5CBA1}.Debug|Any CPU.Build.0 = Debug|Any CPU
		{A0DC7DF1-FF1E-4B02-85F1-271128C5CBA1}.Release|Any CPU.ActiveCfg = Release|Any CPU
		{A0DC7DF1-FF1E-4B02-85F1-271128C5CBA1}.Release|Any CPU.Build.0 = Release|Any CPU
		{0897BF81-9096-490F-B58D-61C9C65D896F}.Debug|Any CPU.ActiveCfg = Debug|Any CPU
		{0897BF81-9096-490F-B58D-61C9C65D896F}.Debug|Any CPU.Build.0 = Debug|Any CPU
		{0897BF81-9096-490F-B58D-61C9C65D896F}.Release|Any CPU.ActiveCfg = Release|Any CPU
		{0897BF81-9096-490F-B58D-61C9C65D896F}.Release|Any CPU.Build.0 = Release|Any CPU
	EndGlobalSection
	GlobalSection(SolutionProperties) = preSolution
		HideSolutionNode = FALSE
	EndGlobalSection
	GlobalSection(ExtensibilityGlobals) = postSolution
		SolutionGuid = {A3BC5DA2-9046-4186-94E6-D968D493C53C}
	EndGlobalSection
EndGlobal
